
Microsoft Visual Studio Solution File, Format Version 12.00
# Visual Studio Version 17
VisualStudioVersion = 17.11.35312.102
MinimumVisualStudioVersion = 10.0.40219.1
Project("{FAE04EC0-301F-11D3-BF4B-00C04F79EFBC}") = "StringExtensionsLibrary", "StringExtensionsLibrary\StringExtensionsLibrary.csproj", "{7578FD64-FDA9-40A5-9201-F90A1AAD1E79}"
EndProject
Global
	GlobalSection(SolutionConfigurationPlatforms) = preSolution
		Debug|Any CPU = Debug|Any CPU
		Release|Any CPU = Release|Any CPU
	EndGlobalSection
	GlobalSection(ProjectConfigurationPlatforms) = postSolution
		{7578FD64-FDA9-40A5-9201-F90A1AAD1E79}.Debug|Any CPU.ActiveCfg = Debug|Any CPU
		{7578FD64-FDA9-40A5-9201-F90A1AAD1E79}.Debug|Any CPU.Build.0 = Debug|Any CPU
		{7578FD64-FDA9-40A5-9201-F90A1AAD1E79}.Release|Any CPU.ActiveCfg = Release|Any CPU
		{7578FD64-FDA9-40A5-9201-F90A1AAD1E79}.Release|Any CPU.Build.0 = Release|Any CPU
	EndGlobalSection
	GlobalSection(SolutionProperties) = preSolution
		HideSolutionNode = FALSE
	EndGlobalSection
	GlobalSection(ExtensibilityGlobals) = postSolution
		SolutionGuid = {C2E288A0-0321-4A0D-9AEF-AE0B3110087E}
	EndGlobalSection
EndGlobal
